
Microsoft Visual Studio Solution File, Format Version 12.00
# Visual Studio Version 17
VisualStudioVersion = 17.14.36915.13 d17.14
MinimumVisualStudioVersion = 10.0.40219.1
Project("{FAE04EC0-301F-11D3-BF4B-00C04F79EFBC}") = "CMMS.WebAPI", "CMMS.WebAPI\CMMS.WebAPI.csproj", "{C1FB19A5-129B-47F7-A1B6-0C90CA006A9E}"
EndProject
Project("{FAE04EC0-301F-11D3-BF4B-00C04F79EFBC}") = "CMMS.BLL", "CMMS.BLL\CMMS.BLL.csproj", "{5E0331A3-837F-428C-95F4-440C7BF27319}"
EndProject
Project("{FAE04EC0-301F-11D3-BF4B-00C04F79EFBC}") = "CMMS.DAL", "CMMS.DAL\CMMS.DAL.csproj", "{905E4010-7CBD-4449-83C2-0AE0CFAFA0C6}"
EndProject
Global
	GlobalSection(SolutionConfigurationPlatforms) = preSolution
		Debug|Any CPU = Debug|Any CPU
		Release|Any CPU = Release|Any CPU
	EndGlobalSection
	GlobalSection(ProjectConfigurationPlatforms) = postSolution
		{C1FB19A5-129B-47F7-A1B6-0C90CA006A9E}.Debug|Any CPU.ActiveCfg = Debug|Any CPU
		{C1FB19A5-129B-47F7-A1B6-0C90CA006A9E}.Debug|Any CPU.Build.0 = Debug|Any CPU
		{C1FB19A5-129B-47F7-A1B6-0C90CA006A9E}.Release|Any CPU.ActiveCfg = Release|Any CPU
		{C1FB19A5-129B-47F7-A1B6-0C90CA006A9E}.Release|Any CPU.Build.0 = Release|Any CPU
		{5E0331A3-837F-428C-95F4-440C7BF27319}.Debug|Any CPU.ActiveCfg = Debug|Any CPU
		{5E0331A3-837F-428C-95F4-440C7BF27319}.Debug|Any CPU.Build.0 = Debug|Any CPU
		{5E0331A3-837F-428C-95F4-440C7BF27319}.Release|Any CPU.ActiveCfg = Release|Any CPU
		{5E0331A3-837F-428C-95F4-440C7BF27319}.Release|Any CPU.Build.0 = Release|Any CPU
		{905E4010-7CBD-4449-83C2-0AE0CFAFA0C6}.Debug|Any CPU.ActiveCfg = Debug|Any CPU
		{905E4010-7CBD-4449-83C2-0AE0CFAFA0C6}.Debug|Any CPU.Build.0 = Debug|Any CPU
		{905E4010-7CBD-4449-83C2-0AE0CFAFA0C6}.Release|Any CPU.ActiveCfg = Release|Any CPU
		{905E4010-7CBD-4449-83C2-0AE0CFAFA0C6}.Release|Any CPU.Build.0 = Release|Any CPU
	EndGlobalSection
	GlobalSection(SolutionProperties) = preSolution
		HideSolutionNode = FALSE
	EndGlobalSection
	GlobalSection(ExtensibilityGlobals) = postSolution
		SolutionGuid = {51184F61-1A40-4D21-8E6C-BBD7D03C1E80}
	EndGlobalSection
EndGlobal
